
Microsoft Visual Studio Solution File, Format Version 12.00
# Visual Studio 15
VisualStudioVersion = 15.0.27004.2005
MinimumVisualStudioVersion = 10.0.40219.1
Project("{FAE04EC0-301F-11D3-BF4B-00C04F79EFBC}") = "UmlDesigner", "UmlDesigner2\UmlDesigner.csproj", "{E67E4943-C9A9-44DC-BE31-EBC715F59871}"
EndProject
Global
	GlobalSection(SolutionConfigurationPlatforms) = preSolution
		Debug|Any CPU = Debug|Any CPU
		Release|Any CPU = Release|Any CPU
	EndGlobalSection
	GlobalSection(ProjectConfigurationPlatforms) = postSolution
		{E67E4943-C9A9-44DC-BE31-EBC715F59871}.Debug|Any CPU.ActiveCfg = Debug|Any CPU
		{E67E4943-C9A9-44DC-BE31-EBC715F59871}.Debug|Any CPU.Build.0 = Debug|Any CPU
		{E67E4943-C9A9-44DC-BE31-EBC715F59871}.Release|Any CPU.ActiveCfg = Release|Any CPU
		{E67E4943-C9A9-44DC-BE31-EBC715F59871}.Release|Any CPU.Build.0 = Release|Any CPU
	EndGlobalSection
	GlobalSection(SolutionProperties) = preSolution
		HideSolutionNode = FALSE
	EndGlobalSection
	GlobalSection(ExtensibilityGlobals) = postSolution
		SolutionGuid = {0B146064-BB9D-4AB8-A21E-73A78BD8DA57}
	EndGlobalSection
EndGlobal
